
Microsoft Visual Studio Solution File, Format Version 12.00
# Visual Studio Version 16
VisualStudioVersion = 16.0.29613.14
MinimumVisualStudioVersion = 10.0.40219.1
Project("{8BC9CEB8-8B4A-11D0-8D11-00A0C91BC942}") = "HexGame", "HexGame/HexGame.vcxproj", "{DAD73AF4-C227-4D2C-84C2-6D08FF391757}"
EndProject
Global
	GlobalSection(SolutionConfigurationPlatforms) = preSolution
		Debug|x86 = Debug|x86
		Release|x86 = Release|x86
	EndGlobalSection
	GlobalSection(ProjectConfigurationPlatforms) = postSolution
		{DAD73AF4-C227-4D2C-84C2-6D08FF391757}.Debug|x86.ActiveCfg = Debug|Win32
		{DAD73AF4-C227-4D2C-84C2-6D08FF391757}.Debug|x86.Build.0 = Debug|Win32
		{DAD73AF4-C227-4D2C-84C2-6D08FF391757}.Release|x86.ActiveCfg = Release|Win32
		{DAD73AF4-C227-4D2C-84C2-6D08FF391757}.Release|x86.Build.0 = Release|Win32
	EndGlobalSection
	GlobalSection(SolutionProperties) = preSolution
		HideSolutionNode = FALSE
	EndGlobalSection
	GlobalSection(ExtensibilityGlobals) = postSolution
		SolutionGuid = {1B2AFC4B-AB8C-43E5-83B4-3366077C75B8}
	EndGlobalSection
EndGlobal
